
Microsoft Visual Studio Solution File, Format Version 12.00
# Visual Studio 15
VisualStudioVersion = 15.0.28302.56
MinimumVisualStudioVersion = 10.0.40219.1
Project("{9A19103F-16F7-4668-BE54-9A1E7A4F7556}") = "BBConsoleApp", "src\BBConsoleApp\BBConsoleApp.csproj", "{0E5E2B1B-FEEB-4EB6-B8E8-C2AEF6BB96BD}"
EndProject
Project("{2150E333-8FDC-42A3-9474-1A3956D46DE8}") = "Solution Items", "Solution Items", "{6E3CE2D4-41F3-4931-905E-EC951F825238}"
	ProjectSection(SolutionItems) = preProject
		.gitignore = .gitignore
		LICENSE = LICENSE
		README.md = README.md
	EndProjectSection
EndProject
Global
	GlobalSection(SolutionConfigurationPlatforms) = preSolution
		Debug|Any CPU = Debug|Any CPU
		Release|Any CPU = Release|Any CPU
	EndGlobalSection
	GlobalSection(ProjectConfigurationPlatforms) = postSolution
		{0E5E2B1B-FEEB-4EB6-B8E8-C2AEF6BB96BD}.Debug|Any CPU.ActiveCfg = Debug|Any CPU
		{0E5E2B1B-FEEB-4EB6-B8E8-C2AEF6BB96BD}.Debug|Any CPU.Build.0 = Debug|Any CPU
		{0E5E2B1B-FEEB-4EB6-B8E8-C2AEF6BB96BD}.Release|Any CPU.ActiveCfg = Release|Any CPU
		{0E5E2B1B-FEEB-4EB6-B8E8-C2AEF6BB96BD}.Release|Any CPU.Build.0 = Release|Any CPU
	EndGlobalSection
	GlobalSection(SolutionProperties) = preSolution
		HideSolutionNode = FALSE
	EndGlobalSection
	GlobalSection(ExtensibilityGlobals) = postSolution
		SolutionGuid = {4EF45DD1-9620-4AAC-9E4C-53588A781A63}
	EndGlobalSection
EndGlobal
